
Microsoft Visual Studio Solution File, Format Version 12.00
# Visual Studio Version 17
VisualStudioVersion = 17.2.32516.85
MinimumVisualStudioVersion = 10.0.40219.1
Project("{9A19103F-16F7-4668-BE54-9A1E7A4F7556}") = "1_UI", "PracticumExcersize\1_UI.csproj", "{D4DE44EB-39F1-406F-8700-90C4A90466BA}"
EndProject
Project("{9A19103F-16F7-4668-BE54-9A1E7A4F7556}") = "2_Services", "2_Services\2_Services.csproj", "{7960CDA4-9488-445A-97C2-143A05297B5E}"
EndProject
Project("{9A19103F-16F7-4668-BE54-9A1E7A4F7556}") = "3_Repository", "3_Repository\3_Repository.csproj", "{E0E6616C-6353-4AA2-B37D-3995E106A39D}"
EndProject
Global
	GlobalSection(SolutionConfigurationPlatforms) = preSolution
		Debug|Any CPU = Debug|Any CPU
		Release|Any CPU = Release|Any CPU
	EndGlobalSection
	GlobalSection(ProjectConfigurationPlatforms) = postSolution
		{D4DE44EB-39F1-406F-8700-90C4A90466BA}.Debug|Any CPU.ActiveCfg = Debug|Any CPU
		{D4DE44EB-39F1-406F-8700-90C4A90466BA}.Debug|Any CPU.Build.0 = Debug|Any CPU
		{D4DE44EB-39F1-406F-8700-90C4A90466BA}.Release|Any CPU.ActiveCfg = Release|Any CPU
		{D4DE44EB-39F1-406F-8700-90C4A90466BA}.Release|Any CPU.Build.0 = Release|Any CPU
		{7960CDA4-9488-445A-97C2-143A05297B5E}.Debug|Any CPU.ActiveCfg = Debug|Any CPU
		{7960CDA4-9488-445A-97C2-143A05297B5E}.Debug|Any CPU.Build.0 = Debug|Any CPU
		{7960CDA4-9488-445A-97C2-143A05297B5E}.Release|Any CPU.ActiveCfg = Release|Any CPU
		{7960CDA4-9488-445A-97C2-143A05297B5E}.Release|Any CPU.Build.0 = Release|Any CPU
		{E0E6616C-6353-4AA2-B37D-3995E106A39D}.Debug|Any CPU.ActiveCfg = Debug|Any CPU
		{E0E6616C-6353-4AA2-B37D-3995E106A39D}.Debug|Any CPU.Build.0 = Debug|Any CPU
		{E0E6616C-6353-4AA2-B37D-3995E106A39D}.Release|Any CPU.ActiveCfg = Release|Any CPU
		{E0E6616C-6353-4AA2-B37D-3995E106A39D}.Release|Any CPU.Build.0 = Release|Any CPU
	EndGlobalSection
	GlobalSection(SolutionProperties) = preSolution
		HideSolutionNode = FALSE
	EndGlobalSection
	GlobalSection(ExtensibilityGlobals) = postSolution
		SolutionGuid = {71A4BF61-6527-429B-9AC4-4CB75DF1AF17}
	EndGlobalSection
EndGlobal
